
Microsoft Visual Studio Solution File, Format Version 12.00
# Visual Studio Version 17
VisualStudioVersion = 17.8.34309.116
MinimumVisualStudioVersion = 10.0.40219.1
Project("{9A19103F-16F7-4668-BE54-9A1E7A4F7556}") = "1_RemoveDuplicates", "1_RemoveDuplicates.csproj", "{684C6FAF-85BA-42A0-BF9C-31E4044EE6A1}"
EndProject
Project("{9A19103F-16F7-4668-BE54-9A1E7A4F7556}") = "2_RemoveElement", "..\2_RemoveElement\2_RemoveElement.csproj", "{C9E245DF-2488-492B-9E82-165877952B82}"
EndProject
Project("{FAE04EC0-301F-11D3-BF4B-00C04F79EFBC}") = "3_GetConcatenation", "..\3_GetConcatenation\3_GetConcatenation.csproj", "{1362D902-4D78-438D-A8A4-EAD46F6D8FD7}"
EndProject
Global
	GlobalSection(SolutionConfigurationPlatforms) = preSolution
		Debug|Any CPU = Debug|Any CPU
		Release|Any CPU = Release|Any CPU
	EndGlobalSection
	GlobalSection(ProjectConfigurationPlatforms) = postSolution
		{684C6FAF-85BA-42A0-BF9C-31E4044EE6A1}.Debug|Any CPU.ActiveCfg = Debug|Any CPU
		{684C6FAF-85BA-42A0-BF9C-31E4044EE6A1}.Debug|Any CPU.Build.0 = Debug|Any CPU
		{684C6FAF-85BA-42A0-BF9C-31E4044EE6A1}.Release|Any CPU.ActiveCfg = Release|Any CPU
		{684C6FAF-85BA-42A0-BF9C-31E4044EE6A1}.Release|Any CPU.Build.0 = Release|Any CPU
		{C9E245DF-2488-492B-9E82-165877952B82}.Debug|Any CPU.ActiveCfg = Debug|Any CPU
		{C9E245DF-2488-492B-9E82-165877952B82}.Debug|Any CPU.Build.0 = Debug|Any CPU
		{C9E245DF-2488-492B-9E82-165877952B82}.Release|Any CPU.ActiveCfg = Release|Any CPU
		{C9E245DF-2488-492B-9E82-165877952B82}.Release|Any CPU.Build.0 = Release|Any CPU
		{1362D902-4D78-438D-A8A4-EAD46F6D8FD7}.Debug|Any CPU.ActiveCfg = Debug|Any CPU
		{1362D902-4D78-438D-A8A4-EAD46F6D8FD7}.Debug|Any CPU.Build.0 = Debug|Any CPU
		{1362D902-4D78-438D-A8A4-EAD46F6D8FD7}.Release|Any CPU.ActiveCfg = Release|Any CPU
		{1362D902-4D78-438D-A8A4-EAD46F6D8FD7}.Release|Any CPU.Build.0 = Release|Any CPU
	EndGlobalSection
	GlobalSection(SolutionProperties) = preSolution
		HideSolutionNode = FALSE
	EndGlobalSection
	GlobalSection(ExtensibilityGlobals) = postSolution
		SolutionGuid = {D0253CBE-8A6D-4D97-B7F4-6643389B666E}
	EndGlobalSection
EndGlobal
