
Microsoft Visual Studio Solution File, Format Version 12.00
# Visual Studio Version 17
VisualStudioVersion = 17.8.34309.116
MinimumVisualStudioVersion = 10.0.40219.1
Project("{9A19103F-16F7-4668-BE54-9A1E7A4F7556}") = "1_InsertionSort", "1_InsertionSort.csproj", "{597DCECA-CFE4-4A26-985A-18D12AB8709B}"
EndProject
Project("{FAE04EC0-301F-11D3-BF4B-00C04F79EFBC}") = "2_MergeSort", "..\2_MergeSort\2_MergeSort.csproj", "{4183433D-41B9-402C-82DC-7826759B965C}"
EndProject
Project("{FAE04EC0-301F-11D3-BF4B-00C04F79EFBC}") = "3_QuickSort", "..\3_QuickSort\3_QuickSort.csproj", "{A583C522-9314-4134-876A-6F0145C4B8A8}"
EndProject
Project("{FAE04EC0-301F-11D3-BF4B-00C04F79EFBC}") = "4_BucketSort", "..\4_BucketSort\4_BucketSort.csproj", "{CBED984F-7BD2-4172-914F-433A83A08E2B}"
EndProject
Global
	GlobalSection(SolutionConfigurationPlatforms) = preSolution
		Debug|Any CPU = Debug|Any CPU
		Release|Any CPU = Release|Any CPU
	EndGlobalSection
	GlobalSection(ProjectConfigurationPlatforms) = postSolution
		{597DCECA-CFE4-4A26-985A-18D12AB8709B}.Debug|Any CPU.ActiveCfg = Debug|Any CPU
		{597DCECA-CFE4-4A26-985A-18D12AB8709B}.Debug|Any CPU.Build.0 = Debug|Any CPU
		{597DCECA-CFE4-4A26-985A-18D12AB8709B}.Release|Any CPU.ActiveCfg = Release|Any CPU
		{597DCECA-CFE4-4A26-985A-18D12AB8709B}.Release|Any CPU.Build.0 = Release|Any CPU
		{4183433D-41B9-402C-82DC-7826759B965C}.Debug|Any CPU.ActiveCfg = Debug|Any CPU
		{4183433D-41B9-402C-82DC-7826759B965C}.Debug|Any CPU.Build.0 = Debug|Any CPU
		{4183433D-41B9-402C-82DC-7826759B965C}.Release|Any CPU.ActiveCfg = Release|Any CPU
		{4183433D-41B9-402C-82DC-7826759B965C}.Release|Any CPU.Build.0 = Release|Any CPU
		{A583C522-9314-4134-876A-6F0145C4B8A8}.Debug|Any CPU.ActiveCfg = Debug|Any CPU
		{A583C522-9314-4134-876A-6F0145C4B8A8}.Debug|Any CPU.Build.0 = Debug|Any CPU
		{A583C522-9314-4134-876A-6F0145C4B8A8}.Release|Any CPU.ActiveCfg = Release|Any CPU
		{A583C522-9314-4134-876A-6F0145C4B8A8}.Release|Any CPU.Build.0 = Release|Any CPU
		{CBED984F-7BD2-4172-914F-433A83A08E2B}.Debug|Any CPU.ActiveCfg = Debug|Any CPU
		{CBED984F-7BD2-4172-914F-433A83A08E2B}.Debug|Any CPU.Build.0 = Debug|Any CPU
		{CBED984F-7BD2-4172-914F-433A83A08E2B}.Release|Any CPU.ActiveCfg = Release|Any CPU
		{CBED984F-7BD2-4172-914F-433A83A08E2B}.Release|Any CPU.Build.0 = Release|Any CPU
	EndGlobalSection
	GlobalSection(SolutionProperties) = preSolution
		HideSolutionNode = FALSE
	EndGlobalSection
	GlobalSection(ExtensibilityGlobals) = postSolution
		SolutionGuid = {31886B41-22C1-4717-B19E-1A74C913B5CD}
	EndGlobalSection
EndGlobal
