
Microsoft Visual Studio Solution File, Format Version 12.00
# Visual Studio Version 17
VisualStudioVersion = 17.8.34309.116
MinimumVisualStudioVersion = 10.0.40219.1
Project("{9A19103F-16F7-4668-BE54-9A1E7A4F7556}") = "1_MatrixDFS", "1_MatrixDFS.csproj", "{A8C72E49-5CC1-4504-84E6-F6330D44FEC2}"
EndProject
Project("{9A19103F-16F7-4668-BE54-9A1E7A4F7556}") = "2_MatrixBFS", "..\2_MatrixBFS\2_MatrixBFS.csproj", "{17A2BFFE-6070-429C-AA4B-59139936EF7A}"
EndProject
Project("{FAE04EC0-301F-11D3-BF4B-00C04F79EFBC}") = "3_AdjacencyList", "..\3_AdjacencyListDFS\3_AdjacencyList.csproj", "{ADE0C330-B434-4341-A5EF-5702967BCD7E}"
EndProject
Global
	GlobalSection(SolutionConfigurationPlatforms) = preSolution
		Debug|Any CPU = Debug|Any CPU
		Release|Any CPU = Release|Any CPU
	EndGlobalSection
	GlobalSection(ProjectConfigurationPlatforms) = postSolution
		{A8C72E49-5CC1-4504-84E6-F6330D44FEC2}.Debug|Any CPU.ActiveCfg = Debug|Any CPU
		{A8C72E49-5CC1-4504-84E6-F6330D44FEC2}.Debug|Any CPU.Build.0 = Debug|Any CPU
		{A8C72E49-5CC1-4504-84E6-F6330D44FEC2}.Release|Any CPU.ActiveCfg = Release|Any CPU
		{A8C72E49-5CC1-4504-84E6-F6330D44FEC2}.Release|Any CPU.Build.0 = Release|Any CPU
		{17A2BFFE-6070-429C-AA4B-59139936EF7A}.Debug|Any CPU.ActiveCfg = Debug|Any CPU
		{17A2BFFE-6070-429C-AA4B-59139936EF7A}.Debug|Any CPU.Build.0 = Debug|Any CPU
		{17A2BFFE-6070-429C-AA4B-59139936EF7A}.Release|Any CPU.ActiveCfg = Release|Any CPU
		{17A2BFFE-6070-429C-AA4B-59139936EF7A}.Release|Any CPU.Build.0 = Release|Any CPU
		{ADE0C330-B434-4341-A5EF-5702967BCD7E}.Debug|Any CPU.ActiveCfg = Debug|Any CPU
		{ADE0C330-B434-4341-A5EF-5702967BCD7E}.Debug|Any CPU.Build.0 = Debug|Any CPU
		{ADE0C330-B434-4341-A5EF-5702967BCD7E}.Release|Any CPU.ActiveCfg = Release|Any CPU
		{ADE0C330-B434-4341-A5EF-5702967BCD7E}.Release|Any CPU.Build.0 = Release|Any CPU
	EndGlobalSection
	GlobalSection(SolutionProperties) = preSolution
		HideSolutionNode = FALSE
	EndGlobalSection
	GlobalSection(ExtensibilityGlobals) = postSolution
		SolutionGuid = {684BE0B4-B2F7-4023-B9A4-BDD147B57ED1}
	EndGlobalSection
EndGlobal
